
Microsoft Visual Studio Solution File, Format Version 12.00
# Visual Studio 15
VisualStudioVersion = 15.0.28307.1259
MinimumVisualStudioVersion = 10.0.40219.1
Project("{FAE04EC0-301F-11D3-BF4B-00C04F79EFBC}") = "Eager_Lazy_LoadingEg", "Eager_Lazy_LoadingEg\Eager_Lazy_LoadingEg.csproj", "{32C5DD7B-E300-4DC6-8DD9-F538255F5D07}"
EndProject
Global
	GlobalSection(SolutionConfigurationPlatforms) = preSolution
		Debug|Any CPU = Debug|Any CPU
		Release|Any CPU = Release|Any CPU
	EndGlobalSection
	GlobalSection(ProjectConfigurationPlatforms) = postSolution
		{32C5DD7B-E300-4DC6-8DD9-F538255F5D07}.Debug|Any CPU.ActiveCfg = Debug|Any CPU
		{32C5DD7B-E300-4DC6-8DD9-F538255F5D07}.Debug|Any CPU.Build.0 = Debug|Any CPU
		{32C5DD7B-E300-4DC6-8DD9-F538255F5D07}.Release|Any CPU.ActiveCfg = Release|Any CPU
		{32C5DD7B-E300-4DC6-8DD9-F538255F5D07}.Release|Any CPU.Build.0 = Release|Any CPU
	EndGlobalSection
	GlobalSection(SolutionProperties) = preSolution
		HideSolutionNode = FALSE
	EndGlobalSection
	GlobalSection(ExtensibilityGlobals) = postSolution
		SolutionGuid = {6841B04A-F67E-475C-AC8C-994B803DC83E}
	EndGlobalSection
EndGlobal
