
Microsoft Visual Studio Solution File, Format Version 12.00
# Visual Studio 15
VisualStudioVersion = 15.0.28307.1259
MinimumVisualStudioVersion = 10.0.40219.1
Project("{FAE04EC0-301F-11D3-BF4B-00C04F79EFBC}") = "ValidationEg", "ValidationEg\ValidationEg.csproj", "{CCA65B9A-E6C8-4167-8ABB-0FEE37F9280E}"
EndProject
Global
	GlobalSection(SolutionConfigurationPlatforms) = preSolution
		Debug|Any CPU = Debug|Any CPU
		Release|Any CPU = Release|Any CPU
	EndGlobalSection
	GlobalSection(ProjectConfigurationPlatforms) = postSolution
		{CCA65B9A-E6C8-4167-8ABB-0FEE37F9280E}.Debug|Any CPU.ActiveCfg = Debug|Any CPU
		{CCA65B9A-E6C8-4167-8ABB-0FEE37F9280E}.Debug|Any CPU.Build.0 = Debug|Any CPU
		{CCA65B9A-E6C8-4167-8ABB-0FEE37F9280E}.Release|Any CPU.ActiveCfg = Release|Any CPU
		{CCA65B9A-E6C8-4167-8ABB-0FEE37F9280E}.Release|Any CPU.Build.0 = Release|Any CPU
	EndGlobalSection
	GlobalSection(SolutionProperties) = preSolution
		HideSolutionNode = FALSE
	EndGlobalSection
	GlobalSection(ExtensibilityGlobals) = postSolution
		SolutionGuid = {A35C8B49-D966-4806-8214-88870A9D0BF6}
	EndGlobalSection
EndGlobal
