
Microsoft Visual Studio Solution File, Format Version 12.00
# Visual Studio 15
VisualStudioVersion = 15.0.28307.1259
MinimumVisualStudioVersion = 10.0.40219.1
Project("{FAE04EC0-301F-11D3-BF4B-00C04F79EFBC}") = "CaseStudyEg", "CaseStudyEg\CaseStudyEg.csproj", "{3B16C2DE-46C1-4646-AA89-7872FAACC453}"
EndProject
Global
	GlobalSection(SolutionConfigurationPlatforms) = preSolution
		Debug|Any CPU = Debug|Any CPU
		Release|Any CPU = Release|Any CPU
	EndGlobalSection
	GlobalSection(ProjectConfigurationPlatforms) = postSolution
		{3B16C2DE-46C1-4646-AA89-7872FAACC453}.Debug|Any CPU.ActiveCfg = Debug|Any CPU
		{3B16C2DE-46C1-4646-AA89-7872FAACC453}.Debug|Any CPU.Build.0 = Debug|Any CPU
		{3B16C2DE-46C1-4646-AA89-7872FAACC453}.Release|Any CPU.ActiveCfg = Release|Any CPU
		{3B16C2DE-46C1-4646-AA89-7872FAACC453}.Release|Any CPU.Build.0 = Release|Any CPU
	EndGlobalSection
	GlobalSection(SolutionProperties) = preSolution
		HideSolutionNode = FALSE
	EndGlobalSection
	GlobalSection(ExtensibilityGlobals) = postSolution
		SolutionGuid = {2761A7DD-C0EE-4F50-9507-047AF5FA4D4C}
	EndGlobalSection
EndGlobal
