
Microsoft Visual Studio Solution File, Format Version 12.00
# Visual Studio 15
VisualStudioVersion = 15.0.28307.1259
MinimumVisualStudioVersion = 10.0.40219.1
Project("{FAE04EC0-301F-11D3-BF4B-00C04F79EFBC}") = "WebApplication1", "WebApplication1\WebApplication1.csproj", "{843779B4-E5CA-43F1-AD6A-321522683CFE}"
EndProject
Global
	GlobalSection(SolutionConfigurationPlatforms) = preSolution
		Debug|Any CPU = Debug|Any CPU
		Release|Any CPU = Release|Any CPU
	EndGlobalSection
	GlobalSection(ProjectConfigurationPlatforms) = postSolution
		{843779B4-E5CA-43F1-AD6A-321522683CFE}.Debug|Any CPU.ActiveCfg = Debug|Any CPU
		{843779B4-E5CA-43F1-AD6A-321522683CFE}.Debug|Any CPU.Build.0 = Debug|Any CPU
		{843779B4-E5CA-43F1-AD6A-321522683CFE}.Release|Any CPU.ActiveCfg = Release|Any CPU
		{843779B4-E5CA-43F1-AD6A-321522683CFE}.Release|Any CPU.Build.0 = Release|Any CPU
	EndGlobalSection
	GlobalSection(SolutionProperties) = preSolution
		HideSolutionNode = FALSE
	EndGlobalSection
	GlobalSection(ExtensibilityGlobals) = postSolution
		SolutionGuid = {14942A62-D7CF-49CC-AEDF-B1770084CE93}
	EndGlobalSection
EndGlobal
